
Microsoft Visual Studio Solution File, Format Version 12.00
# Visual Studio 15
VisualStudioVersion = 15.0.27703.2042
MinimumVisualStudioVersion = 10.0.40219.1
Project("{FAE04EC0-301F-11D3-BF4B-00C04F79EFBC}") = "EmployeeDetail", "EmployeeDetail\EmployeeDetail.csproj", "{DCBC951C-BB52-4694-B3C3-94F8EA28E105}"
EndProject
Global
	GlobalSection(SolutionConfigurationPlatforms) = preSolution
		Debug|Any CPU = Debug|Any CPU
		Release|Any CPU = Release|Any CPU
	EndGlobalSection
	GlobalSection(ProjectConfigurationPlatforms) = postSolution
		{DCBC951C-BB52-4694-B3C3-94F8EA28E105}.Debug|Any CPU.ActiveCfg = Debug|Any CPU
		{DCBC951C-BB52-4694-B3C3-94F8EA28E105}.Debug|Any CPU.Build.0 = Debug|Any CPU
		{DCBC951C-BB52-4694-B3C3-94F8EA28E105}.Release|Any CPU.ActiveCfg = Release|Any CPU
		{DCBC951C-BB52-4694-B3C3-94F8EA28E105}.Release|Any CPU.Build.0 = Release|Any CPU
	EndGlobalSection
	GlobalSection(SolutionProperties) = preSolution
		HideSolutionNode = FALSE
	EndGlobalSection
	GlobalSection(ExtensibilityGlobals) = postSolution
		SolutionGuid = {79A08BD2-48D8-425F-A24F-ABE63DC3D09D}
	EndGlobalSection
EndGlobal
